
Microsoft Visual Studio Solution File, Format Version 12.00
# Visual Studio Version 17
VisualStudioVersion = 17.6.33815.320
MinimumVisualStudioVersion = 10.0.40219.1
Project("{FAE04EC0-301F-11D3-BF4B-00C04F79EFBC}") = "Calabonga.Utils.Certificates", "Calabonga.Utils.Certificates\Calabonga.Utils.Certificates.csproj", "{BD5BD830-38BE-4CF9-9A15-4D772C90485D}"
EndProject
Project("{FAE04EC0-301F-11D3-BF4B-00C04F79EFBC}") = "Calabonga.Utils.Certificates.Demo", "Calabonga.Utils.Certificates.Demo\Calabonga.Utils.Certificates.Demo.csproj", "{7A1038D7-51F3-425C-96F8-FDEC662D96C5}"
EndProject
Global
	GlobalSection(SolutionConfigurationPlatforms) = preSolution
		Debug|Any CPU = Debug|Any CPU
		Release|Any CPU = Release|Any CPU
	EndGlobalSection
	GlobalSection(ProjectConfigurationPlatforms) = postSolution
		{BD5BD830-38BE-4CF9-9A15-4D772C90485D}.Debug|Any CPU.ActiveCfg = Debug|Any CPU
		{BD5BD830-38BE-4CF9-9A15-4D772C90485D}.Debug|Any CPU.Build.0 = Debug|Any CPU
		{BD5BD830-38BE-4CF9-9A15-4D772C90485D}.Release|Any CPU.ActiveCfg = Release|Any CPU
		{BD5BD830-38BE-4CF9-9A15-4D772C90485D}.Release|Any CPU.Build.0 = Release|Any CPU
		{7A1038D7-51F3-425C-96F8-FDEC662D96C5}.Debug|Any CPU.ActiveCfg = Debug|Any CPU
		{7A1038D7-51F3-425C-96F8-FDEC662D96C5}.Debug|Any CPU.Build.0 = Debug|Any CPU
		{7A1038D7-51F3-425C-96F8-FDEC662D96C5}.Release|Any CPU.ActiveCfg = Release|Any CPU
		{7A1038D7-51F3-425C-96F8-FDEC662D96C5}.Release|Any CPU.Build.0 = Release|Any CPU
	EndGlobalSection
	GlobalSection(SolutionProperties) = preSolution
		HideSolutionNode = FALSE
	EndGlobalSection
	GlobalSection(ExtensibilityGlobals) = postSolution
		SolutionGuid = {1D4CCDCF-EDB9-45B1-9289-FF66A689C284}
	EndGlobalSection
EndGlobal
